// !$*UTF8*$!
{
	archiveVersion = 1;
	classes = {
	};
	objectVersion = 77;
	objects = {

/* Begin PBXBuildFile section */
		05AEA57DF281E7CF1E55DEB1 /* Chat.swift in Sources */ = {isa = PBXBuildFile; fileRef = 1C081A253146E2DC14D50749 /* Chat.swift */; };
		08551381E19EA11A75CB14EE /* PromptPreset.swift in Sources */ = {isa = PBXBuildFile; fileRef = 435110792B7B9AC13BD12BD1 /* PromptPreset.swift */; };
		10F88EA57AC501F7DADBF812 /* ContextUsageBar.swift in Sources */ = {isa = PBXBuildFile; fileRef = 18FDF32F52C56CEACA844AB7 /* ContextUsageBar.swift */; };
		1D3359681A6BE87F9C010433 /* Assets.xcassets in Resources */ = {isa = PBXBuildFile; fileRef = 9719E389266F5FF538B6E181 /* Assets.xcassets */; };
		2A917065393C3F8AA2D9A380 /* EmptyStateView.swift in Sources */ = {isa = PBXBuildFile; fileRef = D2FBC0F5650EB6F6B3CAA55D /* EmptyStateView.swift */; };
		320916CB9C1ACC2475A31E14 /* MessageBubbleView.swift in Sources */ = {isa = PBXBuildFile; fileRef = 9027DF66DEA6632BC10552E1 /* MessageBubbleView.swift */; };
		48A4093484CDB9EE47D3724B /* ChatEngine.swift in Sources */ = {isa = PBXBuildFile; fileRef = 1A7B4FD077BECDB605509F91 /* ChatEngine.swift */; };
		4F18BD3AB720E7191EF0174B /* SystemPromptSheet.swift in Sources */ = {isa = PBXBuildFile; fileRef = 21B42C6B93B6F5C3600FA18A /* SystemPromptSheet.swift */; };
		5856E445DED5683575B8BDA5 /* ChatMessage.swift in Sources */ = {isa = PBXBuildFile; fileRef = CFB69D2761505D015E6458F8 /* ChatMessage.swift */; };
		5886EA61B7A84FECC0B08B22 /* ChatDetailView.swift in Sources */ = {isa = PBXBuildFile; fileRef = 62DEA47DFAD2883DB199C1B0 /* ChatDetailView.swift */; };
		655077CED52AB63D939C4119 /* MessageInputView.swift in Sources */ = {isa = PBXBuildFile; fileRef = B7024A1573A64884D0A4A257 /* MessageInputView.swift */; };
		6B6B488B4DD307CCCA4F9B62 /* PromptPreset.swift in Sources */ = {isa = PBXBuildFile; fileRef = 435110792B7B9AC13BD12BD1 /* PromptPreset.swift */; };
		6B705A802E4396565E5CDE21 /* ChatDetailView.swift in Sources */ = {isa = PBXBuildFile; fileRef = 62DEA47DFAD2883DB199C1B0 /* ChatDetailView.swift */; };
		6F0E976E5124C35FC6B872CD /* Chat.swift in Sources */ = {isa = PBXBuildFile; fileRef = 1C081A253146E2DC14D50749 /* Chat.swift */; };
		7C8549B08E612066229C0701 /* MessageBubbleView.swift in Sources */ = {isa = PBXBuildFile; fileRef = 9027DF66DEA6632BC10552E1 /* MessageBubbleView.swift */; };
		81E82D0AFAA99469D25AA555 /* MessageInputView.swift in Sources */ = {isa = PBXBuildFile; fileRef = B7024A1573A64884D0A4A257 /* MessageInputView.swift */; };
		845FB3936C6A0B7C33A874EB /* TokenUsage.swift in Sources */ = {isa = PBXBuildFile; fileRef = 0C83631E9128D57073B01EB2 /* TokenUsage.swift */; };
		942AE9BEA5064817249E87CA /* ModelCatalog.swift in Sources */ = {isa = PBXBuildFile; fileRef = 9345232CA78C6B6D5B4CB487 /* ModelCatalog.swift */; };
		9D51D71130BE3A10506FEA9D /* TokenUsage.swift in Sources */ = {isa = PBXBuildFile; fileRef = 0C83631E9128D57073B01EB2 /* TokenUsage.swift */; };
		9E6F0A316DE66BB242DE3292 /* SidebarView.swift in Sources */ = {isa = PBXBuildFile; fileRef = 5CE8A3D755BCFDC632C8D78C /* SidebarView.swift */; };
		A12CE5FEEFF0B647BF13439F /* ContentView.swift in Sources */ = {isa = PBXBuildFile; fileRef = 09A9CF6D85D3FBE119A81954 /* ContentView.swift */; };
		AD3E97F665ADC615B0AB2CBF /* ChatEngine.swift in Sources */ = {isa = PBXBuildFile; fileRef = 1A7B4FD077BECDB605509F91 /* ChatEngine.swift */; };
		AFBD3C48931D499A43E377E3 /* FoundationChatApp.swift in Sources */ = {isa = PBXBuildFile; fileRef = 4E4A1E6D1D866D141A599C0E /* FoundationChatApp.swift */; };
		C0DFE3E75B8F53FB598DFD7E /* SystemPromptSheet.swift in Sources */ = {isa = PBXBuildFile; fileRef = 21B42C6B93B6F5C3600FA18A /* SystemPromptSheet.swift */; };
		C64566AF07BD253FBC248C0D /* ModelCatalog.swift in Sources */ = {isa = PBXBuildFile; fileRef = 9345232CA78C6B6D5B4CB487 /* ModelCatalog.swift */; };
		C8BEE250F6AC43016C0EB4ED /* ContentView.swift in Sources */ = {isa = PBXBuildFile; fileRef = 09A9CF6D85D3FBE119A81954 /* ContentView.swift */; };
		D3FAB7090BA5B783FBA5B475 /* ContextUsageBar.swift in Sources */ = {isa = PBXBuildFile; fileRef = 18FDF32F52C56CEACA844AB7 /* ContextUsageBar.swift */; };
		D43B16C43348FD60DD32A1D1 /* ChatMessage.swift in Sources */ = {isa = PBXBuildFile; fileRef = CFB69D2761505D015E6458F8 /* ChatMessage.swift */; };
		D643450AC8D1C67AA8EE5221 /* ChatInputTextView.swift in Sources */ = {isa = PBXBuildFile; fileRef = 3D27C4B9308A104F39152C2D /* ChatInputTextView.swift */; };
		E7D809BE03C05C0892FB788C /* ChatInputTextView.swift in Sources */ = {isa = PBXBuildFile; fileRef = 3D27C4B9308A104F39152C2D /* ChatInputTextView.swift */; };
		ED42AF8A8C4C82F85A9B4534 /* FoundationChatApp.swift in Sources */ = {isa = PBXBuildFile; fileRef = 4E4A1E6D1D866D141A599C0E /* FoundationChatApp.swift */; };
		EFDDDCF74B8DF5AE90425E0B /* SidebarView.swift in Sources */ = {isa = PBXBuildFile; fileRef = 5CE8A3D755BCFDC632C8D78C /* SidebarView.swift */; };
		FE5AFA747324C9DF86FC182D /* EmptyStateView.swift in Sources */ = {isa = PBXBuildFile; fileRef = D2FBC0F5650EB6F6B3CAA55D /* EmptyStateView.swift */; };
/* End PBXBuildFile section */

/* Begin PBXFileReference section */
		09A9CF6D85D3FBE119A81954 /* ContentView.swift */ = {isa = PBXFileReference; lastKnownFileType = sourcecode.swift; path = ContentView.swift; sourceTree = "<group>"; };
		0C83631E9128D57073B01EB2 /* TokenUsage.swift */ = {isa = PBXFileReference; lastKnownFileType = sourcecode.swift; path = TokenUsage.swift; sourceTree = "<group>"; };
		18FDF32F52C56CEACA844AB7 /* ContextUsageBar.swift */ = {isa = PBXFileReference; lastKnownFileType = sourcecode.swift; path = ContextUsageBar.swift; sourceTree = "<group>"; };
		1A7B4FD077BECDB605509F91 /* ChatEngine.swift */ = {isa = PBXFileReference; lastKnownFileType = sourcecode.swift; path = ChatEngine.swift; sourceTree = "<group>"; };
		1C081A253146E2DC14D50749 /* Chat.swift */ = {isa = PBXFileReference; lastKnownFileType = sourcecode.swift; path = Chat.swift; sourceTree = "<group>"; };
		21B42C6B93B6F5C3600FA18A /* SystemPromptSheet.swift */ = {isa = PBXFileReference; lastKnownFileType = sourcecode.swift; path = SystemPromptSheet.swift; sourceTree = "<group>"; };
		3D27C4B9308A104F39152C2D /* ChatInputTextView.swift */ = {isa = PBXFileReference; lastKnownFileType = sourcecode.swift; path = ChatInputTextView.swift; sourceTree = "<group>"; };
		435110792B7B9AC13BD12BD1 /* PromptPreset.swift */ = {isa = PBXFileReference; lastKnownFileType = sourcecode.swift; path = PromptPreset.swift; sourceTree = "<group>"; };
		4E4A1E6D1D866D141A599C0E /* FoundationChatApp.swift */ = {isa = PBXFileReference; lastKnownFileType = sourcecode.swift; path = FoundationChatApp.swift; sourceTree = "<group>"; };
		54E629AEE07E75F18BF5A84E /* FoundationChatiOSSpike.app */ = {isa = PBXFileReference; includeInIndex = 0; lastKnownFileType = wrapper.application; path = FoundationChatiOSSpike.app; sourceTree = BUILT_PRODUCTS_DIR; };
		5CE8A3D755BCFDC632C8D78C /* SidebarView.swift */ = {isa = PBXFileReference; lastKnownFileType = sourcecode.swift; path = SidebarView.swift; sourceTree = "<group>"; };
		62DEA47DFAD2883DB199C1B0 /* ChatDetailView.swift */ = {isa = PBXFileReference; lastKnownFileType = sourcecode.swift; path = ChatDetailView.swift; sourceTree = "<group>"; };
		9027DF66DEA6632BC10552E1 /* MessageBubbleView.swift */ = {isa = PBXFileReference; lastKnownFileType = sourcecode.swift; path = MessageBubbleView.swift; sourceTree = "<group>"; };
		9345232CA78C6B6D5B4CB487 /* ModelCatalog.swift */ = {isa = PBXFileReference; lastKnownFileType = sourcecode.swift; path = ModelCatalog.swift; sourceTree = "<group>"; };
		9719E389266F5FF538B6E181 /* Assets.xcassets */ = {isa = PBXFileReference; lastKnownFileType = folder.assetcatalog; path = Assets.xcassets; sourceTree = "<group>"; };
		B7024A1573A64884D0A4A257 /* MessageInputView.swift */ = {isa = PBXFileReference; lastKnownFileType = sourcecode.swift; path = MessageInputView.swift; sourceTree = "<group>"; };
		CFB69D2761505D015E6458F8 /* ChatMessage.swift */ = {isa = PBXFileReference; lastKnownFileType = sourcecode.swift; path = ChatMessage.swift; sourceTree = "<group>"; };
		D2FBC0F5650EB6F6B3CAA55D /* EmptyStateView.swift */ = {isa = PBXFileReference; lastKnownFileType = sourcecode.swift; path = EmptyStateView.swift; sourceTree = "<group>"; };
		F0DF1A3580B3691CC6FD597B /* FoundationChat.entitlements */ = {isa = PBXFileReference; lastKnownFileType = text.plist.entitlements; path = FoundationChat.entitlements; sourceTree = "<group>"; };
		F64964234D930C557070BF52 /* FoundationChat.app */ = {isa = PBXFileReference; explicitFileType = wrapper.application; includeInIndex = 0; path = FoundationChat.app; sourceTree = BUILT_PRODUCTS_DIR; };
/* End PBXFileReference section */

/* Begin PBXGroup section */
		3F68D387716DA4D57723CB2E /* Products */ = {
			isa = PBXGroup;
			children = (
				F64964234D930C557070BF52 /* FoundationChat.app */,
				54E629AEE07E75F18BF5A84E /* FoundationChatiOSSpike.app */,
			);
			name = Products;
			sourceTree = "<group>";
		};
		52D76023E13E39B775E3958B /* Models */ = {
			isa = PBXGroup;
			children = (
				1C081A253146E2DC14D50749 /* Chat.swift */,
				CFB69D2761505D015E6458F8 /* ChatMessage.swift */,
				435110792B7B9AC13BD12BD1 /* PromptPreset.swift */,
			);
			path = Models;
			sourceTree = "<group>";
		};
		56C1433D3B4839E241A1381B /* Sources */ = {
			isa = PBXGroup;
			children = (
				69578EBF7C24F9A67E00A721 /* App */,
				52D76023E13E39B775E3958B /* Models */,
				B1F12BD74EE23C01A2BA9F7B /* Services */,
				E267CED69E6C7CE9690A185E /* Views */,
			);
			path = Sources;
			sourceTree = "<group>";
		};
		5AC76FDDC0568C4B4CED1399 /* Resources */ = {
			isa = PBXGroup;
			children = (
				9719E389266F5FF538B6E181 /* Assets.xcassets */,
			);
			path = Resources;
			sourceTree = "<group>";
		};
		69578EBF7C24F9A67E00A721 /* App */ = {
			isa = PBXGroup;
			children = (
				F0DF1A3580B3691CC6FD597B /* FoundationChat.entitlements */,
				4E4A1E6D1D866D141A599C0E /* FoundationChatApp.swift */,
			);
			path = App;
			sourceTree = "<group>";
		};
		B1F12BD74EE23C01A2BA9F7B /* Services */ = {
			isa = PBXGroup;
			children = (
				1A7B4FD077BECDB605509F91 /* ChatEngine.swift */,
				9345232CA78C6B6D5B4CB487 /* ModelCatalog.swift */,
				0C83631E9128D57073B01EB2 /* TokenUsage.swift */,
			);
			path = Services;
			sourceTree = "<group>";
		};
		BECA627C5902DA344DBAB105 = {
			isa = PBXGroup;
			children = (
				5AC76FDDC0568C4B4CED1399 /* Resources */,
				56C1433D3B4839E241A1381B /* Sources */,
				3F68D387716DA4D57723CB2E /* Products */,
			);
			sourceTree = "<group>";
		};
		E267CED69E6C7CE9690A185E /* Views */ = {
			isa = PBXGroup;
			children = (
				62DEA47DFAD2883DB199C1B0 /* ChatDetailView.swift */,
				3D27C4B9308A104F39152C2D /* ChatInputTextView.swift */,
				09A9CF6D85D3FBE119A81954 /* ContentView.swift */,
				18FDF32F52C56CEACA844AB7 /* ContextUsageBar.swift */,
				D2FBC0F5650EB6F6B3CAA55D /* EmptyStateView.swift */,
				9027DF66DEA6632BC10552E1 /* MessageBubbleView.swift */,
				B7024A1573A64884D0A4A257 /* MessageInputView.swift */,
				5CE8A3D755BCFDC632C8D78C /* SidebarView.swift */,
				21B42C6B93B6F5C3600FA18A /* SystemPromptSheet.swift */,
			);
			path = Views;
			sourceTree = "<group>";
		};
/* End PBXGroup section */

/* Begin PBXNativeTarget section */
		3844DA2CE006AFA77C2C3208 /* FoundationChat */ = {
			isa = PBXNativeTarget;
			buildConfigurationList = 1DBAFEE2552C92DDDFA39A61 /* Build configuration list for PBXNativeTarget "FoundationChat" */;
			buildPhases = (
				E75FF8726CD7688CB537311D /* Sources */,
				B3C8FE9E7F804F3AD9F272C3 /* Resources */,
			);
			buildRules = (
			);
			dependencies = (
			);
			name = FoundationChat;
			packageProductDependencies = (
			);
			productName = FoundationChat;
			productReference = F64964234D930C557070BF52 /* FoundationChat.app */;
			productType = "com.apple.product-type.application";
		};
		7ABA00CBCFC8E27482013A02 /* FoundationChatiOSSpike */ = {
			isa = PBXNativeTarget;
			buildConfigurationList = C9882779208B59888E05164D /* Build configuration list for PBXNativeTarget "FoundationChatiOSSpike" */;
			buildPhases = (
				D57E7E6A2A719A1F8ACDEB8C /* Sources */,
			);
			buildRules = (
			);
			dependencies = (
			);
			name = FoundationChatiOSSpike;
			packageProductDependencies = (
			);
			productName = FoundationChatiOSSpike;
			productReference = 54E629AEE07E75F18BF5A84E /* FoundationChatiOSSpike.app */;
			productType = "com.apple.product-type.application";
		};
/* End PBXNativeTarget section */

/* Begin PBXProject section */
		F459D4FB39A28416B89D447F /* Project object */ = {
			isa = PBXProject;
			attributes = {
				BuildIndependentTargetsInParallel = YES;
				LastUpgradeCheck = 1430;
				TargetAttributes = {
					3844DA2CE006AFA77C2C3208 = {
						DevelopmentTeam = "";
						ProvisioningStyle = Manual;
					};
					7ABA00CBCFC8E27482013A02 = {
						DevelopmentTeam = "";
						ProvisioningStyle = Manual;
					};
				};
			};
			buildConfigurationList = 116F0481AB4E123BE0352F61 /* Build configuration list for PBXProject "FoundationChat" */;
			developmentRegion = en;
			hasScannedForEncodings = 0;
			knownRegions = (
				Base,
				en,
			);
			mainGroup = BECA627C5902DA344DBAB105;
			minimizedProjectReferenceProxies = 1;
			preferredProjectObjectVersion = 77;
			productRefGroup = 3F68D387716DA4D57723CB2E /* Products */;
			projectDirPath = "";
			projectRoot = "";
			targets = (
				3844DA2CE006AFA77C2C3208 /* FoundationChat */,
				7ABA00CBCFC8E27482013A02 /* FoundationChatiOSSpike */,
			);
		};
/* End PBXProject section */

/* Begin PBXResourcesBuildPhase section */
		B3C8FE9E7F804F3AD9F272C3 /* Resources */ = {
			isa = PBXResourcesBuildPhase;
			buildActionMask = 2147483647;
			files = (
				1D3359681A6BE87F9C010433 /* Assets.xcassets in Resources */,
			);
			runOnlyForDeploymentPostprocessing = 0;
		};
/* End PBXResourcesBuildPhase section */

/* Begin PBXSourcesBuildPhase section */
		D57E7E6A2A719A1F8ACDEB8C /* Sources */ = {
			isa = PBXSourcesBuildPhase;
			buildActionMask = 2147483647;
			files = (
				6F0E976E5124C35FC6B872CD /* Chat.swift in Sources */,
				5886EA61B7A84FECC0B08B22 /* ChatDetailView.swift in Sources */,
				48A4093484CDB9EE47D3724B /* ChatEngine.swift in Sources */,
				D643450AC8D1C67AA8EE5221 /* ChatInputTextView.swift in Sources */,
				D43B16C43348FD60DD32A1D1 /* ChatMessage.swift in Sources */,
				A12CE5FEEFF0B647BF13439F /* ContentView.swift in Sources */,
				D3FAB7090BA5B783FBA5B475 /* ContextUsageBar.swift in Sources */,
				2A917065393C3F8AA2D9A380 /* EmptyStateView.swift in Sources */,
				ED42AF8A8C4C82F85A9B4534 /* FoundationChatApp.swift in Sources */,
				7C8549B08E612066229C0701 /* MessageBubbleView.swift in Sources */,
				81E82D0AFAA99469D25AA555 /* MessageInputView.swift in Sources */,
				942AE9BEA5064817249E87CA /* ModelCatalog.swift in Sources */,
				6B6B488B4DD307CCCA4F9B62 /* PromptPreset.swift in Sources */,
				EFDDDCF74B8DF5AE90425E0B /* SidebarView.swift in Sources */,
				4F18BD3AB720E7191EF0174B /* SystemPromptSheet.swift in Sources */,
				845FB3936C6A0B7C33A874EB /* TokenUsage.swift in Sources */,
			);
			runOnlyForDeploymentPostprocessing = 0;
		};
		E75FF8726CD7688CB537311D /* Sources */ = {
			isa = PBXSourcesBuildPhase;
			buildActionMask = 2147483647;
			files = (
				05AEA57DF281E7CF1E55DEB1 /* Chat.swift in Sources */,
				6B705A802E4396565E5CDE21 /* ChatDetailView.swift in Sources */,
				AD3E97F665ADC615B0AB2CBF /* ChatEngine.swift in Sources */,
				E7D809BE03C05C0892FB788C /* ChatInputTextView.swift in Sources */,
				5856E445DED5683575B8BDA5 /* ChatMessage.swift in Sources */,
				C8BEE250F6AC43016C0EB4ED /* ContentView.swift in Sources */,
				10F88EA57AC501F7DADBF812 /* ContextUsageBar.swift in Sources */,
				FE5AFA747324C9DF86FC182D /* EmptyStateView.swift in Sources */,
				AFBD3C48931D499A43E377E3 /* FoundationChatApp.swift in Sources */,
				320916CB9C1ACC2475A31E14 /* MessageBubbleView.swift in Sources */,
				655077CED52AB63D939C4119 /* MessageInputView.swift in Sources */,
				C64566AF07BD253FBC248C0D /* ModelCatalog.swift in Sources */,
				08551381E19EA11A75CB14EE /* PromptPreset.swift in Sources */,
				9E6F0A316DE66BB242DE3292 /* SidebarView.swift in Sources */,
				C0DFE3E75B8F53FB598DFD7E /* SystemPromptSheet.swift in Sources */,
				9D51D71130BE3A10506FEA9D /* TokenUsage.swift in Sources */,
			);
			runOnlyForDeploymentPostprocessing = 0;
		};
/* End PBXSourcesBuildPhase section */

/* Begin XCBuildConfiguration section */
		358FAA77DD24556E327CCA3A /* Debug */ = {
			isa = XCBuildConfiguration;
			buildSettings = {
				ASSETCATALOG_COMPILER_APPICON_NAME = AppIcon;
				ASSETCATALOG_COMPILER_GLOBAL_ACCENT_COLOR_NAME = AccentColor;
				CODE_SIGN_ENTITLEMENTS = Sources/App/FoundationChat.entitlements;
				COMBINE_HIDPI_IMAGES = YES;
				CURRENT_PROJECT_VERSION = 1;
				ENABLE_PREVIEWS = YES;
				GENERATE_INFOPLIST_FILE = NO;
				INFOPLIST_FILE = Generated/Info.plist;
				LD_RUNPATH_SEARCH_PATHS = (
					"$(inherited)",
					"@executable_path/../Frameworks",
				);
				MACOSX_DEPLOYMENT_TARGET = 26.0;
				MARKETING_VERSION = 0.1;
				PRODUCT_BUNDLE_IDENTIFIER = de.hgi.FoundationChat;
				PRODUCT_NAME = FoundationChat;
				SDKROOT = macosx;
				SWIFT_EMIT_LOC_STRINGS = YES;
			};
			name = Debug;
		};
		4A8FB6C4D4E02D24DD8BA1DE /* Release */ = {
			isa = XCBuildConfiguration;
			buildSettings = {
				ASSETCATALOG_COMPILER_APPICON_NAME = AppIcon;
				CODE_SIGN_ENTITLEMENTS = "";
				CODE_SIGN_IDENTITY = "iPhone Developer";
				CURRENT_PROJECT_VERSION = 1;
				GENERATE_INFOPLIST_FILE = NO;
				INFOPLIST_FILE = "Generated/Info-iOS.plist";
				IPHONEOS_DEPLOYMENT_TARGET = 26.0;
				LD_RUNPATH_SEARCH_PATHS = (
					"$(inherited)",
					"@executable_path/Frameworks",
				);
				MARKETING_VERSION = 0.1;
				PRODUCT_BUNDLE_IDENTIFIER = de.hgi.FoundationChat.iosspike;
				PRODUCT_NAME = FoundationChatiOSSpike;
				SDKROOT = iphoneos;
				SWIFT_EMIT_LOC_STRINGS = YES;
				TARGETED_DEVICE_FAMILY = "1,2";
			};
			name = Release;
		};
		72691CBDCC60D439BADA4755 /* Release */ = {
			isa = XCBuildConfiguration;
			buildSettings = {
				ALWAYS_SEARCH_USER_PATHS = NO;
				CLANG_ANALYZER_NONNULL = YES;
				CLANG_ANALYZER_NUMBER_OBJECT_CONVERSION = YES_AGGRESSIVE;
				CLANG_CXX_LANGUAGE_STANDARD = "gnu++14";
				CLANG_CXX_LIBRARY = "libc++";
				CLANG_ENABLE_MODULES = YES;
				CLANG_ENABLE_OBJC_ARC = YES;
				CLANG_ENABLE_OBJC_WEAK = YES;
				CLANG_WARN_BLOCK_CAPTURE_AUTORELEASING = YES;
				CLANG_WARN_BOOL_CONVERSION = YES;
				CLANG_WARN_COMMA = YES;
				CLANG_WARN_CONSTANT_CONVERSION = YES;
				CLANG_WARN_DEPRECATED_OBJC_IMPLEMENTATIONS = YES;
				CLANG_WARN_DIRECT_OBJC_ISA_USAGE = YES_ERROR;
				CLANG_WARN_DOCUMENTATION_COMMENTS = YES;
				CLANG_WARN_EMPTY_BODY = YES;
				CLANG_WARN_ENUM_CONVERSION = YES;
				CLANG_WARN_INFINITE_RECURSION = YES;
				CLANG_WARN_INT_CONVERSION = YES;
				CLANG_WARN_NON_LITERAL_NULL_CONVERSION = YES;
				CLANG_WARN_OBJC_IMPLICIT_RETAIN_SELF = YES;
				CLANG_WARN_OBJC_LITERAL_CONVERSION = YES;
				CLANG_WARN_OBJC_ROOT_CLASS = YES_ERROR;
				CLANG_WARN_QUOTED_INCLUDE_IN_FRAMEWORK_HEADER = YES;
				CLANG_WARN_RANGE_LOOP_ANALYSIS = YES;
				CLANG_WARN_STRICT_PROTOTYPES = YES;
				CLANG_WARN_SUSPICIOUS_MOVE = YES;
				CLANG_WARN_UNGUARDED_AVAILABILITY = YES_AGGRESSIVE;
				CLANG_WARN_UNREACHABLE_CODE = YES;
				CLANG_WARN__DUPLICATE_METHOD_MATCH = YES;
				CODE_SIGN_IDENTITY = "-";
				CODE_SIGN_STYLE = Manual;
				COPY_PHASE_STRIP = NO;
				DEBUG_INFORMATION_FORMAT = "dwarf-with-dsym";
				DEVELOPMENT_TEAM = "";
				ENABLE_HARDENED_RUNTIME = NO;
				ENABLE_NS_ASSERTIONS = NO;
				ENABLE_STRICT_OBJC_MSGSEND = YES;
				GCC_C_LANGUAGE_STANDARD = gnu11;
				GCC_NO_COMMON_BLOCKS = YES;
				GCC_WARN_64_TO_32_BIT_CONVERSION = YES;
				GCC_WARN_ABOUT_RETURN_TYPE = YES_ERROR;
				GCC_WARN_UNDECLARED_SELECTOR = YES;
				GCC_WARN_UNINITIALIZED_AUTOS = YES_AGGRESSIVE;
				GCC_WARN_UNUSED_FUNCTION = YES;
				GCC_WARN_UNUSED_VARIABLE = YES;
				MACOSX_DEPLOYMENT_TARGET = 26.0;
				MTL_ENABLE_DEBUG_INFO = NO;
				MTL_FAST_MATH = YES;
				PRODUCT_NAME = "$(TARGET_NAME)";
				SWIFT_COMPILATION_MODE = wholemodule;
				SWIFT_OPTIMIZATION_LEVEL = "-O";
				SWIFT_VERSION = 6.0;
			};
			name = Release;
		};
		8D7C86A0D166FD16D5168AF6 /* Debug */ = {
			isa = XCBuildConfiguration;
			buildSettings = {
				ALWAYS_SEARCH_USER_PATHS = NO;
				CLANG_ANALYZER_NONNULL = YES;
				CLANG_ANALYZER_NUMBER_OBJECT_CONVERSION = YES_AGGRESSIVE;
				CLANG_CXX_LANGUAGE_STANDARD = "gnu++14";
				CLANG_CXX_LIBRARY = "libc++";
				CLANG_ENABLE_MODULES = YES;
				CLANG_ENABLE_OBJC_ARC = YES;
				CLANG_ENABLE_OBJC_WEAK = YES;
				CLANG_WARN_BLOCK_CAPTURE_AUTORELEASING = YES;
				CLANG_WARN_BOOL_CONVERSION = YES;
				CLANG_WARN_COMMA = YES;
				CLANG_WARN_CONSTANT_CONVERSION = YES;
				CLANG_WARN_DEPRECATED_OBJC_IMPLEMENTATIONS = YES;
				CLANG_WARN_DIRECT_OBJC_ISA_USAGE = YES_ERROR;
				CLANG_WARN_DOCUMENTATION_COMMENTS = YES;
				CLANG_WARN_EMPTY_BODY = YES;
				CLANG_WARN_ENUM_CONVERSION = YES;
				CLANG_WARN_INFINITE_RECURSION = YES;
				CLANG_WARN_INT_CONVERSION = YES;
				CLANG_WARN_NON_LITERAL_NULL_CONVERSION = YES;
				CLANG_WARN_OBJC_IMPLICIT_RETAIN_SELF = YES;
				CLANG_WARN_OBJC_LITERAL_CONVERSION = YES;
				CLANG_WARN_OBJC_ROOT_CLASS = YES_ERROR;
				CLANG_WARN_QUOTED_INCLUDE_IN_FRAMEWORK_HEADER = YES;
				CLANG_WARN_RANGE_LOOP_ANALYSIS = YES;
				CLANG_WARN_STRICT_PROTOTYPES = YES;
				CLANG_WARN_SUSPICIOUS_MOVE = YES;
				CLANG_WARN_UNGUARDED_AVAILABILITY = YES_AGGRESSIVE;
				CLANG_WARN_UNREACHABLE_CODE = YES;
				CLANG_WARN__DUPLICATE_METHOD_MATCH = YES;
				CODE_SIGN_IDENTITY = "-";
				CODE_SIGN_STYLE = Manual;
				COPY_PHASE_STRIP = NO;
				DEBUG_INFORMATION_FORMAT = dwarf;
				DEVELOPMENT_TEAM = "";
				ENABLE_HARDENED_RUNTIME = NO;
				ENABLE_STRICT_OBJC_MSGSEND = YES;
				ENABLE_TESTABILITY = YES;
				GCC_C_LANGUAGE_STANDARD = gnu11;
				GCC_DYNAMIC_NO_PIC = NO;
				GCC_NO_COMMON_BLOCKS = YES;
				GCC_OPTIMIZATION_LEVEL = 0;
				GCC_PREPROCESSOR_DEFINITIONS = (
					"$(inherited)",
					"DEBUG=1",
				);
				GCC_WARN_64_TO_32_BIT_CONVERSION = YES;
				GCC_WARN_ABOUT_RETURN_TYPE = YES_ERROR;
				GCC_WARN_UNDECLARED_SELECTOR = YES;
				GCC_WARN_UNINITIALIZED_AUTOS = YES_AGGRESSIVE;
				GCC_WARN_UNUSED_FUNCTION = YES;
				GCC_WARN_UNUSED_VARIABLE = YES;
				MACOSX_DEPLOYMENT_TARGET = 26.0;
				MTL_ENABLE_DEBUG_INFO = INCLUDE_SOURCE;
				MTL_FAST_MATH = YES;
				ONLY_ACTIVE_ARCH = YES;
				PRODUCT_NAME = "$(TARGET_NAME)";
				SWIFT_ACTIVE_COMPILATION_CONDITIONS = DEBUG;
				SWIFT_OPTIMIZATION_LEVEL = "-Onone";
				SWIFT_VERSION = 6.0;
			};
			name = Debug;
		};
		AF70840F72CF09BF78B2613E /* Release */ = {
			isa = XCBuildConfiguration;
			buildSettings = {
				ASSETCATALOG_COMPILER_APPICON_NAME = AppIcon;
				ASSETCATALOG_COMPILER_GLOBAL_ACCENT_COLOR_NAME = AccentColor;
				CODE_SIGN_ENTITLEMENTS = Sources/App/FoundationChat.entitlements;
				COMBINE_HIDPI_IMAGES = YES;
				CURRENT_PROJECT_VERSION = 1;
				ENABLE_PREVIEWS = YES;
				GENERATE_INFOPLIST_FILE = NO;
				INFOPLIST_FILE = Generated/Info.plist;
				LD_RUNPATH_SEARCH_PATHS = (
					"$(inherited)",
					"@executable_path/../Frameworks",
				);
				MACOSX_DEPLOYMENT_TARGET = 26.0;
				MARKETING_VERSION = 0.1;
				PRODUCT_BUNDLE_IDENTIFIER = de.hgi.FoundationChat;
				PRODUCT_NAME = FoundationChat;
				SDKROOT = macosx;
				SWIFT_EMIT_LOC_STRINGS = YES;
			};
			name = Release;
		};
		BAAC043371A18EE334D38205 /* Debug */ = {
			isa = XCBuildConfiguration;
			buildSettings = {
				ASSETCATALOG_COMPILER_APPICON_NAME = AppIcon;
				CODE_SIGN_ENTITLEMENTS = "";
				CODE_SIGN_IDENTITY = "iPhone Developer";
				CURRENT_PROJECT_VERSION = 1;
				GENERATE_INFOPLIST_FILE = NO;
				INFOPLIST_FILE = "Generated/Info-iOS.plist";
				IPHONEOS_DEPLOYMENT_TARGET = 26.0;
				LD_RUNPATH_SEARCH_PATHS = (
					"$(inherited)",
					"@executable_path/Frameworks",
				);
				MARKETING_VERSION = 0.1;
				PRODUCT_BUNDLE_IDENTIFIER = de.hgi.FoundationChat.iosspike;
				PRODUCT_NAME = FoundationChatiOSSpike;
				SDKROOT = iphoneos;
				SWIFT_EMIT_LOC_STRINGS = YES;
				TARGETED_DEVICE_FAMILY = "1,2";
			};
			name = Debug;
		};
/* End XCBuildConfiguration section */

/* Begin XCConfigurationList section */
		116F0481AB4E123BE0352F61 /* Build configuration list for PBXProject "FoundationChat" */ = {
			isa = XCConfigurationList;
			buildConfigurations = (
				8D7C86A0D166FD16D5168AF6 /* Debug */,
				72691CBDCC60D439BADA4755 /* Release */,
			);
			defaultConfigurationIsVisible = 0;
			defaultConfigurationName = Debug;
		};
		1DBAFEE2552C92DDDFA39A61 /* Build configuration list for PBXNativeTarget "FoundationChat" */ = {
			isa = XCConfigurationList;
			buildConfigurations = (
				358FAA77DD24556E327CCA3A /* Debug */,
				AF70840F72CF09BF78B2613E /* Release */,
			);
			defaultConfigurationIsVisible = 0;
			defaultConfigurationName = Debug;
		};
		C9882779208B59888E05164D /* Build configuration list for PBXNativeTarget "FoundationChatiOSSpike" */ = {
			isa = XCConfigurationList;
			buildConfigurations = (
				BAAC043371A18EE334D38205 /* Debug */,
				4A8FB6C4D4E02D24DD8BA1DE /* Release */,
			);
			defaultConfigurationIsVisible = 0;
			defaultConfigurationName = Debug;
		};
/* End XCConfigurationList section */
	};
	rootObject = F459D4FB39A28416B89D447F /* Project object */;
}
